
Microsoft Visual Studio Solution File, Format Version 12.00
# Visual Studio Version 17
VisualStudioVersion = 17.4.33213.308
MinimumVisualStudioVersion = 10.0.40219.1
Project("{9A19103F-16F7-4668-BE54-9A1E7A4F7556}") = "Ex1_8", "Ex1_8.csproj", "{5F648BC6-4977-478B-B656-D2773DB30C2A}"
EndProject
Global
	GlobalSection(SolutionConfigurationPlatforms) = preSolution
		Debug|Any CPU = Debug|Any CPU
		Release|Any CPU = Release|Any CPU
	EndGlobalSection
	GlobalSection(ProjectConfigurationPlatforms) = postSolution
		{5F648BC6-4977-478B-B656-D2773DB30C2A}.Debug|Any CPU.ActiveCfg = Debug|Any CPU
		{5F648BC6-4977-478B-B656-D2773DB30C2A}.Debug|Any CPU.Build.0 = Debug|Any CPU
		{5F648BC6-4977-478B-B656-D2773DB30C2A}.Release|Any CPU.ActiveCfg = Release|Any CPU
		{5F648BC6-4977-478B-B656-D2773DB30C2A}.Release|Any CPU.Build.0 = Release|Any CPU
	EndGlobalSection
	GlobalSection(SolutionProperties) = preSolution
		HideSolutionNode = FALSE
	EndGlobalSection
	GlobalSection(ExtensibilityGlobals) = postSolution
		SolutionGuid = {5DDF65A5-8431-4BA6-8ED3-D11A8695AC04}
	EndGlobalSection
EndGlobal
